// !$*UTF8*$!
{
	archiveVersion = 1;
	classes = {
	};
	objectVersion = 50;
	objects = {

/* Begin PBXBuildFile section */
		A9A829B7240E5C69002E5463 /* AppDelegate.swift in Sources */ = {isa = PBXBuildFile; fileRef = A9A829B6240E5C69002E5463 /* AppDelegate.swift */; };
		A9A829B9240E5C69002E5463 /* ViewController.swift in Sources */ = {isa = PBXBuildFile; fileRef = A9A829B8240E5C69002E5463 /* ViewController.swift */; };
		A9A829BC240E5C69002E5463 /* Main.storyboard in Resources */ = {isa = PBXBuildFile; fileRef = A9A829BA240E5C69002E5463 /* Main.storyboard */; };
		A9A829BE240E5C70002E5463 /* Assets.xcassets in Resources */ = {isa = PBXBuildFile; fileRef = A9A829BD240E5C70002E5463 /* Assets.xcassets */; };
		A9A829C1240E5C70002E5463 /* LaunchScreen.storyboard in Resources */ = {isa = PBXBuildFile; fileRef = A9A829BF240E5C70002E5463 /* LaunchScreen.storyboard */; };
		A9A829CC240E5C70002E5463 /* Coded_Layout_LabTests.swift in Sources */ = {isa = PBXBuildFile; fileRef = A9A829CB240E5C70002E5463 /* Coded_Layout_LabTests.swift */; };
/* End PBXBuildFile section */

/* Begin PBXContainerItemProxy section */
		A9A829C8240E5C70002E5463 /* PBXContainerItemProxy */ = {
			isa = PBXContainerItemProxy;
			containerPortal = A9A829AB240E5C69002E5463 /* Project object */;
			proxyType = 1;
			remoteGlobalIDString = A9A829B2240E5C69002E5463;
			remoteInfo = "Coded Layout Lab";
		};
/* End PBXContainerItemProxy section */

/* Begin PBXFileReference section */
		A9A829B3240E5C69002E5463 /* Coded Layout Lab.app */ = {isa = PBXFileReference; explicitFileType = wrapper.application; includeInIndex = 0; path = "Coded Layout Lab.app"; sourceTree = BUILT_PRODUCTS_DIR; };
		A9A829B6240E5C69002E5463 /* AppDelegate.swift */ = {isa = PBXFileReference; lastKnownFileType = sourcecode.swift; path = AppDelegate.swift; sourceTree = "<group>"; };
		A9A829B8240E5C69002E5463 /* ViewController.swift */ = {isa = PBXFileReference; lastKnownFileType = sourcecode.swift; path = ViewController.swift; sourceTree = "<group>"; };
		A9A829BB240E5C69002E5463 /* Base */ = {isa = PBXFileReference; lastKnownFileType = file.storyboard; name = Base; path = Base.lproj/Main.storyboard; sourceTree = "<group>"; };
		A9A829BD240E5C70002E5463 /* Assets.xcassets */ = {isa = PBXFileReference; lastKnownFileType = folder.assetcatalog; path = Assets.xcassets; sourceTree = "<group>"; };
		A9A829C0240E5C70002E5463 /* Base */ = {isa = PBXFileReference; lastKnownFileType = file.storyboard; name = Base; path = Base.lproj/LaunchScreen.storyboard; sourceTree = "<group>"; };
		A9A829C2240E5C70002E5463 /* Info.plist */ = {isa = PBXFileReference; lastKnownFileType = text.plist.xml; path = Info.plist; sourceTree = "<group>"; };
		A9A829C7240E5C70002E5463 /* Coded Layout LabTests.xctest */ = {isa = PBXFileReference; explicitFileType = wrapper.cfbundle; includeInIndex = 0; path = "Coded Layout LabTests.xctest"; sourceTree = BUILT_PRODUCTS_DIR; };
		A9A829CB240E5C70002E5463 /* Coded_Layout_LabTests.swift */ = {isa = PBXFileReference; lastKnownFileType = sourcecode.swift; path = Coded_Layout_LabTests.swift; sourceTree = "<group>"; };
		A9A829CD240E5C70002E5463 /* Info.plist */ = {isa = PBXFileReference; lastKnownFileType = text.plist.xml; path = Info.plist; sourceTree = "<group>"; };
/* End PBXFileReference section */

/* Begin PBXFrameworksBuildPhase section */
		A9A829B0240E5C69002E5463 /* Frameworks */ = {
			isa = PBXFrameworksBuildPhase;
			buildActionMask = 2147483647;
			files = (
			);
			runOnlyForDeploymentPostprocessing = 0;
		};
		A9A829C4240E5C70002E5463 /* Frameworks */ = {
			isa = PBXFrameworksBuildPhase;
			buildActionMask = 2147483647;
			files = (
			);
			runOnlyForDeploymentPostprocessing = 0;
		};
/* End PBXFrameworksBuildPhase section */

/* Begin PBXGroup section */
		A9A829AA240E5C69002E5463 = {
			isa = PBXGroup;
			children = (
				A9A829B5240E5C69002E5463 /* Coded Layout Lab */,
				A9A829CA240E5C70002E5463 /* Coded Layout LabTests */,
				A9A829B4240E5C69002E5463 /* Products */,
			);
			sourceTree = "<group>";
		};
		A9A829B4240E5C69002E5463 /* Products */ = {
			isa = PBXGroup;
			children = (
				A9A829B3240E5C69002E5463 /* Coded Layout Lab.app */,
				A9A829C7240E5C70002E5463 /* Coded Layout LabTests.xctest */,
			);
			name = Products;
			sourceTree = "<group>";
		};
		A9A829B5240E5C69002E5463 /* Coded Layout Lab */ = {
			isa = PBXGroup;
			children = (
				A9A829B6240E5C69002E5463 /* AppDelegate.swift */,
				A9A829B8240E5C69002E5463 /* ViewController.swift */,
				A9A829BA240E5C69002E5463 /* Main.storyboard */,
				A9A829BD240E5C70002E5463 /* Assets.xcassets */,
				A9A829BF240E5C70002E5463 /* LaunchScreen.storyboard */,
				A9A829C2240E5C70002E5463 /* Info.plist */,
			);
			path = "Coded Layout Lab";
			sourceTree = "<group>";
		};
		A9A829CA240E5C70002E5463 /* Coded Layout LabTests */ = {
			isa = PBXGroup;
			children = (
				A9A829CB240E5C70002E5463 /* Coded_Layout_LabTests.swift */,
				A9A829CD240E5C70002E5463 /* Info.plist */,
			);
			path = "Coded Layout LabTests";
			sourceTree = "<group>";
		};
/* End PBXGroup section */

/* Begin PBXNativeTarget section */
		A9A829B2240E5C69002E5463 /* Coded Layout Lab */ = {
			isa = PBXNativeTarget;
			buildConfigurationList = A9A829D0240E5C70002E5463 /* Build configuration list for PBXNativeTarget "Coded Layout Lab" */;
			buildPhases = (
				A9A829AF240E5C69002E5463 /* Sources */,
				A9A829B0240E5C69002E5463 /* Frameworks */,
				A9A829B1240E5C69002E5463 /* Resources */,
			);
			buildRules = (
			);
			dependencies = (
			);
			name = "Coded Layout Lab";
			productName = "Coded Layout Lab";
			productReference = A9A829B3240E5C69002E5463 /* Coded Layout Lab.app */;
			productType = "com.apple.product-type.application";
		};
		A9A829C6240E5C70002E5463 /* Coded Layout LabTests */ = {
			isa = PBXNativeTarget;
			buildConfigurationList = A9A829D3240E5C70002E5463 /* Build configuration list for PBXNativeTarget "Coded Layout LabTests" */;
			buildPhases = (
				A9A829C3240E5C70002E5463 /* Sources */,
				A9A829C4240E5C70002E5463 /* Frameworks */,
				A9A829C5240E5C70002E5463 /* Resources */,
			);
			buildRules = (
			);
			dependencies = (
				A9A829C9240E5C70002E5463 /* PBXTargetDependency */,
			);
			name = "Coded Layout LabTests";
			productName = "Coded Layout LabTests";
			productReference = A9A829C7240E5C70002E5463 /* Coded Layout LabTests.xctest */;
			productType = "com.apple.product-type.bundle.unit-test";
		};
/* End PBXNativeTarget section */

/* Begin PBXProject section */
		A9A829AB240E5C69002E5463 /* Project object */ = {
			isa = PBXProject;
			attributes = {
				LastSwiftUpdateCheck = 1010;
				LastUpgradeCheck = 1010;
				ORGANIZATIONNAME = "Jeroen Dunselman";
				TargetAttributes = {
					A9A829B2240E5C69002E5463 = {
						CreatedOnToolsVersion = 10.1;
					};
					A9A829C6240E5C70002E5463 = {
						CreatedOnToolsVersion = 10.1;
						TestTargetID = A9A829B2240E5C69002E5463;
					};
				};
			};
			buildConfigurationList = A9A829AE240E5C69002E5463 /* Build configuration list for PBXProject "Coded Layout Lab" */;
			compatibilityVersion = "Xcode 9.3";
			developmentRegion = en;
			hasScannedForEncodings = 0;
			knownRegions = (
				en,
				Base,
			);
			mainGroup = A9A829AA240E5C69002E5463;
			productRefGroup = A9A829B4240E5C69002E5463 /* Products */;
			projectDirPath = "";
			projectRoot = "";
			targets = (
				A9A829B2240E5C69002E5463 /* Coded Layout Lab */,
				A9A829C6240E5C70002E5463 /* Coded Layout LabTests */,
			);
		};
/* End PBXProject section */

/* Begin PBXResourcesBuildPhase section */
		A9A829B1240E5C69002E5463 /* Resources */ = {
			isa = PBXResourcesBuildPhase;
			buildActionMask = 2147483647;
			files = (
				A9A829C1240E5C70002E5463 /* LaunchScreen.storyboard in Resources */,
				A9A829BE240E5C70002E5463 /* Assets.xcassets in Resources */,
				A9A829BC240E5C69002E5463 /* Main.storyboard in Resources */,
			);
			runOnlyForDeploymentPostprocessing = 0;
		};
		A9A829C5240E5C70002E5463 /* Resources */ = {
			isa = PBXResourcesBuildPhase;
			buildActionMask = 2147483647;
			files = (
			);
			runOnlyForDeploymentPostprocessing = 0;
		};
/* End PBXResourcesBuildPhase section */

/* Begin PBXSourcesBuildPhase section */
		A9A829AF240E5C69002E5463 /* Sources */ = {
			isa = PBXSourcesBuildPhase;
			buildActionMask = 2147483647;
			files = (
				A9A829B9240E5C69002E5463 /* ViewController.swift in Sources */,
				A9A829B7240E5C69002E5463 /* AppDelegate.swift in Sources */,
			);
			runOnlyForDeploymentPostprocessing = 0;
		};
		A9A829C3240E5C70002E5463 /* Sources */ = {
			isa = PBXSourcesBuildPhase;
			buildActionMask = 2147483647;
			files = (
				A9A829CC240E5C70002E5463 /* Coded_Layout_LabTests.swift in Sources */,
			);
			runOnlyForDeploymentPostprocessing = 0;
		};
/* End PBXSourcesBuildPhase section */

/* Begin PBXTargetDependency section */
		A9A829C9240E5C70002E5463 /* PBXTargetDependency */ = {
			isa = PBXTargetDependency;
			target = A9A829B2240E5C69002E5463 /* Coded Layout Lab */;
			targetProxy = A9A829C8240E5C70002E5463 /* PBXContainerItemProxy */;
		};
/* End PBXTargetDependency section */

/* Begin PBXVariantGroup section */
		A9A829BA240E5C69002E5463 /* Main.storyboard */ = {
			isa = PBXVariantGroup;
			children = (
				A9A829BB240E5C69002E5463 /* Base */,
			);
			name = Main.storyboard;
			sourceTree = "<group>";
		};
		A9A829BF240E5C70002E5463 /* LaunchScreen.storyboard */ = {
			isa = PBXVariantGroup;
			children = (
				A9A829C0240E5C70002E5463 /* Base */,
			);
			name = LaunchScreen.storyboard;
			sourceTree = "<group>";
		};
/* End PBXVariantGroup section */

/* Begin XCBuildConfiguration section */
		A9A829CE240E5C70002E5463 /* Debug */ = {
			isa = XCBuildConfiguration;
			buildSettings = {
				ALWAYS_SEARCH_USER_PATHS = NO;
				CLANG_ANALYZER_NONNULL = YES;
				CLANG_ANALYZER_NUMBER_OBJECT_CONVERSION = YES_AGGRESSIVE;
				CLANG_CXX_LANGUAGE_STANDARD = "gnu++14";
				CLANG_CXX_LIBRARY = "libc++";
				CLANG_ENABLE_MODULES = YES;
				CLANG_ENABLE_OBJC_ARC = YES;
				CLANG_ENABLE_OBJC_WEAK = YES;
				CLANG_WARN_BLOCK_CAPTURE_AUTORELEASING = YES;
				CLANG_WARN_BOOL_CONVERSION = YES;
				CLANG_WARN_COMMA = YES;
				CLANG_WARN_CONSTANT_CONVERSION = YES;
				CLANG_WARN_DEPRECATED_OBJC_IMPLEMENTATIONS = YES;
				CLANG_WARN_DIRECT_OBJC_ISA_USAGE = YES_ERROR;
				CLANG_WARN_DOCUMENTATION_COMMENTS = YES;
				CLANG_WARN_EMPTY_BODY = YES;
				CLANG_WARN_ENUM_CONVERSION = YES;
				CLANG_WARN_INFINITE_RECURSION = YES;
				CLANG_WARN_INT_CONVERSION = YES;
				CLANG_WARN_NON_LITERAL_NULL_CONVERSION = YES;
				CLANG_WARN_OBJC_IMPLICIT_RETAIN_SELF = YES;
				CLANG_WARN_OBJC_LITERAL_CONVERSION = YES;
				CLANG_WARN_OBJC_ROOT_CLASS = YES_ERROR;
				CLANG_WARN_RANGE_LOOP_ANALYSIS = YES;
				CLANG_WARN_STRICT_PROTOTYPES = YES;
				CLANG_WARN_SUSPICIOUS_MOVE = YES;
				CLANG_WARN_UNGUARDED_AVAILABILITY = YES_AGGRESSIVE;
				CLANG_WARN_UNREACHABLE_CODE = YES;
				CLANG_WARN__DUPLICATE_METHOD_MATCH = YES;
				CODE_SIGN_IDENTITY = "iPhone Developer";
				COPY_PHASE_STRIP = NO;
				DEBUG_INFORMATION_FORMAT = dwarf;
				ENABLE_STRICT_OBJC_MSGSEND = YES;
				ENABLE_TESTABILITY = YES;
				GCC_C_LANGUAGE_STANDARD = gnu11;
				GCC_DYNAMIC_NO_PIC = NO;
				GCC_NO_COMMON_BLOCKS = YES;
				GCC_OPTIMIZATION_LEVEL = 0;
				GCC_PREPROCESSOR_DEFINITIONS = (
					"DEBUG=1",
					"$(inherited)",
				);
				GCC_WARN_64_TO_32_BIT_CONVERSION = YES;
				GCC_WARN_ABOUT_RETURN_TYPE = YES_ERROR;
				GCC_WARN_UNDECLARED_SELECTOR = YES;
				GCC_WARN_UNINITIALIZED_AUTOS = YES_AGGRESSIVE;
				GCC_WARN_UNUSED_FUNCTION = YES;
				GCC_WARN_UNUSED_VARIABLE = YES;
				IPHONEOS_DEPLOYMENT_TARGET = 12.1;
				MTL_ENABLE_DEBUG_INFO = INCLUDE_SOURCE;
				MTL_FAST_MATH = YES;
				ONLY_ACTIVE_ARCH = YES;
				SDKROOT = iphoneos;
				SWIFT_ACTIVE_COMPILATION_CONDITIONS = DEBUG;
				SWIFT_OPTIMIZATION_LEVEL = "-Onone";
			};
			name = Debug;
		};
		A9A829CF240E5C70002E5463 /* Release */ = {
			isa = XCBuildConfiguration;
			buildSettings = {
				ALWAYS_SEARCH_USER_PATHS = NO;
				CLANG_ANALYZER_NONNULL = YES;
				CLANG_ANALYZER_NUMBER_OBJECT_CONVERSION = YES_AGGRESSIVE;
				CLANG_CXX_LANGUAGE_STANDARD = "gnu++14";
				CLANG_CXX_LIBRARY = "libc++";
				CLANG_ENABLE_MODULES = YES;
				CLANG_ENABLE_OBJC_ARC = YES;
				CLANG_ENABLE_OBJC_WEAK = YES;
				CLANG_WARN_BLOCK_CAPTURE_AUTORELEASING = YES;
				CLANG_WARN_BOOL_CONVERSION = YES;
				CLANG_WARN_COMMA = YES;
				CLANG_WARN_CONSTANT_CONVERSION = YES;
				CLANG_WARN_DEPRECATED_OBJC_IMPLEMENTATIONS = YES;
				CLANG_WARN_DIRECT_OBJC_ISA_USAGE = YES_ERROR;
				CLANG_WARN_DOCUMENTATION_COMMENTS = YES;
				CLANG_WARN_EMPTY_BODY = YES;
				CLANG_WARN_ENUM_CONVERSION = YES;
				CLANG_WARN_INFINITE_RECURSION = YES;
				CLANG_WARN_INT_CONVERSION = YES;
				CLANG_WARN_NON_LITERAL_NULL_CONVERSION = YES;
				CLANG_WARN_OBJC_IMPLICIT_RETAIN_SELF = YES;
				CLANG_WARN_OBJC_LITERAL_CONVERSION = YES;
				CLANG_WARN_OBJC_ROOT_CLASS = YES_ERROR;
				CLANG_WARN_RANGE_LOOP_ANALYSIS = YES;
				CLANG_WARN_STRICT_PROTOTYPES = YES;
				CLANG_WARN_SUSPICIOUS_MOVE = YES;
				CLANG_WARN_UNGUARDED_AVAILABILITY = YES_AGGRESSIVE;
				CLANG_WARN_UNREACHABLE_CODE = YES;
				CLANG_WARN__DUPLICATE_METHOD_MATCH = YES;
				CODE_SIGN_IDENTITY = "iPhone Developer";
				COPY_PHASE_STRIP = NO;
				DEBUG_INFORMATION_FORMAT = "dwarf-with-dsym";
				ENABLE_NS_ASSERTIONS = NO;
				ENABLE_STRICT_OBJC_MSGSEND = YES;
				GCC_C_LANGUAGE_STANDARD = gnu11;
				GCC_NO_COMMON_BLOCKS = YES;
				GCC_WARN_64_TO_32_BIT_CONVERSION = YES;
				GCC_WARN_ABOUT_RETURN_TYPE = YES_ERROR;
				GCC_WARN_UNDECLARED_SELECTOR = YES;
				GCC_WARN_UNINITIALIZED_AUTOS = YES_AGGRESSIVE;
				GCC_WARN_UNUSED_FUNCTION = YES;
				GCC_WARN_UNUSED_VARIABLE = YES;
				IPHONEOS_DEPLOYMENT_TARGET = 12.1;
				MTL_ENABLE_DEBUG_INFO = NO;
				MTL_FAST_MATH = YES;
				SDKROOT = iphoneos;
				SWIFT_COMPILATION_MODE = wholemodule;
				SWIFT_OPTIMIZATION_LEVEL = "-O";
				VALIDATE_PRODUCT = YES;
			};
			name = Release;
		};
		A9A829D1240E5C70002E5463 /* Debug */ = {
			isa = XCBuildConfiguration;
			buildSettings = {
				ASSETCATALOG_COMPILER_APPICON_NAME = AppIcon;
				CODE_SIGN_STYLE = Automatic;
				INFOPLIST_FILE = "Coded Layout Lab/Info.plist";
				LD_RUNPATH_SEARCH_PATHS = (
					"$(inherited)",
					"@executable_path/Frameworks",
				);
				PRODUCT_BUNDLE_IDENTIFIER = "com.onomatopoeia.Coded-Layout-Lab";
				PRODUCT_NAME = "$(TARGET_NAME)";
				SWIFT_VERSION = 4.2;
				TARGETED_DEVICE_FAMILY = "1,2";
			};
			name = Debug;
		};
		A9A829D2240E5C70002E5463 /* Release */ = {
			isa = XCBuildConfiguration;
			buildSettings = {
				ASSETCATALOG_COMPILER_APPICON_NAME = AppIcon;
				CODE_SIGN_STYLE = Automatic;
				INFOPLIST_FILE = "Coded Layout Lab/Info.plist";
				LD_RUNPATH_SEARCH_PATHS = (
					"$(inherited)",
					"@executable_path/Frameworks",
				);
				PRODUCT_BUNDLE_IDENTIFIER = "com.onomatopoeia.Coded-Layout-Lab";
				PRODUCT_NAME = "$(TARGET_NAME)";
				SWIFT_VERSION = 4.2;
				TARGETED_DEVICE_FAMILY = "1,2";
			};
			name = Release;
		};
		A9A829D4240E5C70002E5463 /* Debug */ = {
			isa = XCBuildConfiguration;
			buildSettings = {
				ALWAYS_EMBED_SWIFT_STANDARD_LIBRARIES = YES;
				BUNDLE_LOADER = "$(TEST_HOST)";
				CODE_SIGN_STYLE = Automatic;
				INFOPLIST_FILE = "Coded Layout LabTests/Info.plist";
				LD_RUNPATH_SEARCH_PATHS = (
					"$(inherited)",
					"@executable_path/Frameworks",
					"@loader_path/Frameworks",
				);
				PRODUCT_BUNDLE_IDENTIFIER = "com.onomatopoeia.Coded-Layout-LabTests";
				PRODUCT_NAME = "$(TARGET_NAME)";
				SWIFT_VERSION = 4.2;
				TARGETED_DEVICE_FAMILY = "1,2";
				TEST_HOST = "$(BUILT_PRODUCTS_DIR)/Coded Layout Lab.app/Coded Layout Lab";
			};
			name = Debug;
		};
		A9A829D5240E5C70002E5463 /* Release */ = {
			isa = XCBuildConfiguration;
			buildSettings = {
				ALWAYS_EMBED_SWIFT_STANDARD_LIBRARIES = YES;
				BUNDLE_LOADER = "$(TEST_HOST)";
				CODE_SIGN_STYLE = Automatic;
				INFOPLIST_FILE = "Coded Layout LabTests/Info.plist";
				LD_RUNPATH_SEARCH_PATHS = (
					"$(inherited)",
					"@executable_path/Frameworks",
					"@loader_path/Frameworks",
				);
				PRODUCT_BUNDLE_IDENTIFIER = "com.onomatopoeia.Coded-Layout-LabTests";
				PRODUCT_NAME = "$(TARGET_NAME)";
				SWIFT_VERSION = 4.2;
				TARGETED_DEVICE_FAMILY = "1,2";
				TEST_HOST = "$(BUILT_PRODUCTS_DIR)/Coded Layout Lab.app/Coded Layout Lab";
			};
			name = Release;
		};
/* End XCBuildConfiguration section */

/* Begin XCConfigurationList section */
		A9A829AE240E5C69002E5463 /* Build configuration list for PBXProject "Coded Layout Lab" */ = {
			isa = XCConfigurationList;
			buildConfigurations = (
				A9A829CE240E5C70002E5463 /* Debug */,
				A9A829CF240E5C70002E5463 /* Release */,
			);
			defaultConfigurationIsVisible = 0;
			defaultConfigurationName = Release;
		};
		A9A829D0240E5C70002E5463 /* Build configuration list for PBXNativeTarget "Coded Layout Lab" */ = {
			isa = XCConfigurationList;
			buildConfigurations = (
				A9A829D1240E5C70002E5463 /* Debug */,
				A9A829D2240E5C70002E5463 /* Release */,
			);
			defaultConfigurationIsVisible = 0;
			defaultConfigurationName = Release;
		};
		A9A829D3240E5C70002E5463 /* Build configuration list for PBXNativeTarget "Coded Layout LabTests" */ = {
			isa = XCConfigurationList;
			buildConfigurations = (
				A9A829D4240E5C70002E5463 /* Debug */,
				A9A829D5240E5C70002E5463 /* Release */,
			);
			defaultConfigurationIsVisible = 0;
			defaultConfigurationName = Release;
		};
/* End XCConfigurationList section */
	};
	rootObject = A9A829AB240E5C69002E5463 /* Project object */;
}
